
Microsoft Visual Studio Solution File, Format Version 12.00
# Visual Studio 14
VisualStudioVersion = 14.0.25420.1
MinimumVisualStudioVersion = 10.0.40219.1
Project("{FAE04EC0-301F-11D3-BF4B-00C04F79EFBC}") = "Countly", "Countly\Countly.csproj", "{91F002B9-2593-4D36-B49E-BB5DB8826729}"
EndProject
Project("{FAE04EC0-301F-11D3-BF4B-00C04F79EFBC}") = "CountlySample", "CountlySample\CountlySample.csproj", "{3CC3D436-957D-4127-A7C0-D9AECBAB06BE}"
EndProject
Global
	GlobalSection(SolutionConfigurationPlatforms) = preSolution
		Debug|Any CPU = Debug|Any CPU
		Debug|ARM = Debug|ARM
		Debug|x86 = Debug|x86
		Release|Any CPU = Release|Any CPU
		Release|ARM = Release|ARM
		Release|x86 = Release|x86
	EndGlobalSection
	GlobalSection(ProjectConfigurationPlatforms) = postSolution
		{91F002B9-2593-4D36-B49E-BB5DB8826729}.Debug|Any CPU.ActiveCfg = Debug|Any CPU
		{91F002B9-2593-4D36-B49E-BB5DB8826729}.Debug|Any CPU.Build.0 = Debug|Any CPU
		{91F002B9-2593-4D36-B49E-BB5DB8826729}.Debug|ARM.ActiveCfg = Debug|Any CPU
		{91F002B9-2593-4D36-B49E-BB5DB8826729}.Debug|x86.ActiveCfg = Debug|Any CPU
		{91F002B9-2593-4D36-B49E-BB5DB8826729}.Release|Any CPU.ActiveCfg = Release|Any CPU
		{91F002B9-2593-4D36-B49E-BB5DB8826729}.Release|Any CPU.Build.0 = Release|Any CPU
		{91F002B9-2593-4D36-B49E-BB5DB8826729}.Release|ARM.ActiveCfg = Release|Any CPU
		{91F002B9-2593-4D36-B49E-BB5DB8826729}.Release|x86.ActiveCfg = Release|Any CPU
		{3CC3D436-957D-4127-A7C0-D9AECBAB06BE}.Debug|Any CPU.ActiveCfg = Debug|Any CPU
		{3CC3D436-957D-4127-A7C0-D9AECBAB06BE}.Debug|Any CPU.Build.0 = Debug|Any CPU
		{3CC3D436-957D-4127-A7C0-D9AECBAB06BE}.Debug|Any CPU.Deploy.0 = Debug|Any CPU
		{3CC3D436-957D-4127-A7C0-D9AECBAB06BE}.Debug|ARM.ActiveCfg = Debug|ARM
		{3CC3D436-957D-4127-A7C0-D9AECBAB06BE}.Debug|ARM.Build.0 = Debug|ARM
		{3CC3D436-957D-4127-A7C0-D9AECBAB06BE}.Debug|ARM.Deploy.0 = Debug|ARM
		{3CC3D436-957D-4127-A7C0-D9AECBAB06BE}.Debug|x86.ActiveCfg = Debug|x86
		{3CC3D436-957D-4127-A7C0-D9AECBAB06BE}.Debug|x86.Build.0 = Debug|x86
		{3CC3D436-957D-4127-A7C0-D9AECBAB06BE}.Debug|x86.Deploy.0 = Debug|x86
		{3CC3D436-957D-4127-A7C0-D9AECBAB06BE}.Release|Any CPU.ActiveCfg = Release|Any CPU
		{3CC3D436-957D-4127-A7C0-D9AECBAB06BE}.Release|Any CPU.Build.0 = Release|Any CPU
		{3CC3D436-957D-4127-A7C0-D9AECBAB06BE}.Release|Any CPU.Deploy.0 = Release|Any CPU
		{3CC3D436-957D-4127-A7C0-D9AECBAB06BE}.Release|ARM.ActiveCfg = Release|ARM
		{3CC3D436-957D-4127-A7C0-D9AECBAB06BE}.Release|ARM.Build.0 = Release|ARM
		{3CC3D436-957D-4127-A7C0-D9AECBAB06BE}.Release|ARM.Deploy.0 = Release|ARM
		{3CC3D436-957D-4127-A7C0-D9AECBAB06BE}.Release|x86.ActiveCfg = Release|x86
		{3CC3D436-957D-4127-A7C0-D9AECBAB06BE}.Release|x86.Build.0 = Release|x86
		{3CC3D436-957D-4127-A7C0-D9AECBAB06BE}.Release|x86.Deploy.0 = Release|x86
	EndGlobalSection
	GlobalSection(SolutionProperties) = preSolution
		HideSolutionNode = FALSE
	EndGlobalSection
EndGlobal
