
Microsoft Visual Studio Solution File, Format Version 11.00
# Visual Studio 2010 Express for Windows Phone
Project("{FAE04EC0-301F-11D3-BF4B-00C04F79EFBC}") = "Countly", "Count.ly\Countly.csproj", "{D81BD689-DF72-4143-9B28-20DB7409E6E5}"
EndProject
Project("{FAE04EC0-301F-11D3-BF4B-00C04F79EFBC}") = "OpenUDIDPhone", "jasonlamkk-OpenUDID.Net-9cd8f14\OpenUDID.Net\OpenUDIDPhone\OpenUDIDPhone.csproj", "{B8857364-4BDB-40A2-9CE7-6F2A08AD1B7E}"
EndProject
Project("{FAE04EC0-301F-11D3-BF4B-00C04F79EFBC}") = "CountlyTest", "CountlyTest\CountlyTest.csproj", "{40C42159-ED0A-41A7-9F76-76E680E96941}"
EndProject
Global
	GlobalSection(SolutionConfigurationPlatforms) = preSolution
		Debug|Any CPU = Debug|Any CPU
		Release|Any CPU = Release|Any CPU
	EndGlobalSection
	GlobalSection(ProjectConfigurationPlatforms) = postSolution
		{D81BD689-DF72-4143-9B28-20DB7409E6E5}.Debug|Any CPU.ActiveCfg = Debug|Any CPU
		{D81BD689-DF72-4143-9B28-20DB7409E6E5}.Debug|Any CPU.Build.0 = Debug|Any CPU
		{D81BD689-DF72-4143-9B28-20DB7409E6E5}.Release|Any CPU.ActiveCfg = Release|Any CPU
		{D81BD689-DF72-4143-9B28-20DB7409E6E5}.Release|Any CPU.Build.0 = Release|Any CPU
		{B8857364-4BDB-40A2-9CE7-6F2A08AD1B7E}.Debug|Any CPU.ActiveCfg = Debug|Any CPU
		{B8857364-4BDB-40A2-9CE7-6F2A08AD1B7E}.Debug|Any CPU.Build.0 = Debug|Any CPU
		{B8857364-4BDB-40A2-9CE7-6F2A08AD1B7E}.Release|Any CPU.ActiveCfg = Release|Any CPU
		{B8857364-4BDB-40A2-9CE7-6F2A08AD1B7E}.Release|Any CPU.Build.0 = Release|Any CPU
		{40C42159-ED0A-41A7-9F76-76E680E96941}.Debug|Any CPU.ActiveCfg = Debug|Any CPU
		{40C42159-ED0A-41A7-9F76-76E680E96941}.Debug|Any CPU.Build.0 = Debug|Any CPU
		{40C42159-ED0A-41A7-9F76-76E680E96941}.Debug|Any CPU.Deploy.0 = Debug|Any CPU
		{40C42159-ED0A-41A7-9F76-76E680E96941}.Release|Any CPU.ActiveCfg = Release|Any CPU
		{40C42159-ED0A-41A7-9F76-76E680E96941}.Release|Any CPU.Build.0 = Release|Any CPU
		{40C42159-ED0A-41A7-9F76-76E680E96941}.Release|Any CPU.Deploy.0 = Release|Any CPU
	EndGlobalSection
	GlobalSection(SolutionProperties) = preSolution
		HideSolutionNode = FALSE
	EndGlobalSection
EndGlobal
