
Microsoft Visual Studio Solution File, Format Version 12.00
# Visual Studio 15
VisualStudioVersion = 15.0.28010.2036
MinimumVisualStudioVersion = 10.0.40219.1
Project("{FAE04EC0-301F-11D3-BF4B-00C04F79EFBC}") = "Countly", "Countly\Countly.csproj", "{91F002B9-2593-4D36-B49E-BB5DB8826729}"
EndProject
Project("{FAE04EC0-301F-11D3-BF4B-00C04F79EFBC}") = "CountlySample", "CountlySample\CountlySample.csproj", "{3CC3D436-957D-4127-A7C0-D9AECBAB06BE}"
EndProject
Project("{FAE04EC0-301F-11D3-BF4B-00C04F79EFBC}") = "CountlySampleConsole", "CountlySampleConsole\CountlySampleConsole.csproj", "{CCD6DE49-CCEC-4ADF-8B6A-86813EFFF0DD}"
EndProject
Project("{FAE04EC0-301F-11D3-BF4B-00C04F79EFBC}") = "CountlyTest_452", "CountlyTest_452\CountlyTest_452.csproj", "{55695B0B-B841-431E-98E9-F249396C8993}"
EndProject
Global
	GlobalSection(SolutionConfigurationPlatforms) = preSolution
		Debug|Any CPU = Debug|Any CPU
		Debug|ARM = Debug|ARM
		Debug|x86 = Debug|x86
		Release|Any CPU = Release|Any CPU
		Release|ARM = Release|ARM
		Release|x86 = Release|x86
	EndGlobalSection
	GlobalSection(ProjectConfigurationPlatforms) = postSolution
		{91F002B9-2593-4D36-B49E-BB5DB8826729}.Debug|Any CPU.ActiveCfg = Debug|Any CPU
		{91F002B9-2593-4D36-B49E-BB5DB8826729}.Debug|Any CPU.Build.0 = Debug|Any CPU
		{91F002B9-2593-4D36-B49E-BB5DB8826729}.Debug|ARM.ActiveCfg = Debug|Any CPU
		{91F002B9-2593-4D36-B49E-BB5DB8826729}.Debug|x86.ActiveCfg = Debug|Any CPU
		{91F002B9-2593-4D36-B49E-BB5DB8826729}.Release|Any CPU.ActiveCfg = Release|Any CPU
		{91F002B9-2593-4D36-B49E-BB5DB8826729}.Release|Any CPU.Build.0 = Release|Any CPU
		{91F002B9-2593-4D36-B49E-BB5DB8826729}.Release|ARM.ActiveCfg = Release|Any CPU
		{91F002B9-2593-4D36-B49E-BB5DB8826729}.Release|x86.ActiveCfg = Release|Any CPU
		{3CC3D436-957D-4127-A7C0-D9AECBAB06BE}.Debug|Any CPU.ActiveCfg = Debug|Any CPU
		{3CC3D436-957D-4127-A7C0-D9AECBAB06BE}.Debug|Any CPU.Build.0 = Debug|Any CPU
		{3CC3D436-957D-4127-A7C0-D9AECBAB06BE}.Debug|Any CPU.Deploy.0 = Debug|Any CPU
		{3CC3D436-957D-4127-A7C0-D9AECBAB06BE}.Debug|ARM.ActiveCfg = Debug|ARM
		{3CC3D436-957D-4127-A7C0-D9AECBAB06BE}.Debug|ARM.Build.0 = Debug|ARM
		{3CC3D436-957D-4127-A7C0-D9AECBAB06BE}.Debug|ARM.Deploy.0 = Debug|ARM
		{3CC3D436-957D-4127-A7C0-D9AECBAB06BE}.Debug|x86.ActiveCfg = Debug|x86
		{3CC3D436-957D-4127-A7C0-D9AECBAB06BE}.Debug|x86.Build.0 = Debug|x86
		{3CC3D436-957D-4127-A7C0-D9AECBAB06BE}.Debug|x86.Deploy.0 = Debug|x86
		{3CC3D436-957D-4127-A7C0-D9AECBAB06BE}.Release|Any CPU.ActiveCfg = Release|Any CPU
		{3CC3D436-957D-4127-A7C0-D9AECBAB06BE}.Release|Any CPU.Build.0 = Release|Any CPU
		{3CC3D436-957D-4127-A7C0-D9AECBAB06BE}.Release|Any CPU.Deploy.0 = Release|Any CPU
		{3CC3D436-957D-4127-A7C0-D9AECBAB06BE}.Release|ARM.ActiveCfg = Release|ARM
		{3CC3D436-957D-4127-A7C0-D9AECBAB06BE}.Release|ARM.Build.0 = Release|ARM
		{3CC3D436-957D-4127-A7C0-D9AECBAB06BE}.Release|ARM.Deploy.0 = Release|ARM
		{3CC3D436-957D-4127-A7C0-D9AECBAB06BE}.Release|x86.ActiveCfg = Release|x86
		{3CC3D436-957D-4127-A7C0-D9AECBAB06BE}.Release|x86.Build.0 = Release|x86
		{3CC3D436-957D-4127-A7C0-D9AECBAB06BE}.Release|x86.Deploy.0 = Release|x86
		{CCD6DE49-CCEC-4ADF-8B6A-86813EFFF0DD}.Debug|Any CPU.ActiveCfg = Debug|Any CPU
		{CCD6DE49-CCEC-4ADF-8B6A-86813EFFF0DD}.Debug|Any CPU.Build.0 = Debug|Any CPU
		{CCD6DE49-CCEC-4ADF-8B6A-86813EFFF0DD}.Debug|ARM.ActiveCfg = Debug|Any CPU
		{CCD6DE49-CCEC-4ADF-8B6A-86813EFFF0DD}.Debug|ARM.Build.0 = Debug|Any CPU
		{CCD6DE49-CCEC-4ADF-8B6A-86813EFFF0DD}.Debug|x86.ActiveCfg = Debug|Any CPU
		{CCD6DE49-CCEC-4ADF-8B6A-86813EFFF0DD}.Debug|x86.Build.0 = Debug|Any CPU
		{CCD6DE49-CCEC-4ADF-8B6A-86813EFFF0DD}.Release|Any CPU.ActiveCfg = Release|Any CPU
		{CCD6DE49-CCEC-4ADF-8B6A-86813EFFF0DD}.Release|Any CPU.Build.0 = Release|Any CPU
		{CCD6DE49-CCEC-4ADF-8B6A-86813EFFF0DD}.Release|ARM.ActiveCfg = Release|Any CPU
		{CCD6DE49-CCEC-4ADF-8B6A-86813EFFF0DD}.Release|ARM.Build.0 = Release|Any CPU
		{CCD6DE49-CCEC-4ADF-8B6A-86813EFFF0DD}.Release|x86.ActiveCfg = Release|Any CPU
		{CCD6DE49-CCEC-4ADF-8B6A-86813EFFF0DD}.Release|x86.Build.0 = Release|Any CPU
		{55695B0B-B841-431E-98E9-F249396C8993}.Debug|Any CPU.ActiveCfg = Debug|Any CPU
		{55695B0B-B841-431E-98E9-F249396C8993}.Debug|Any CPU.Build.0 = Debug|Any CPU
		{55695B0B-B841-431E-98E9-F249396C8993}.Debug|ARM.ActiveCfg = Debug|Any CPU
		{55695B0B-B841-431E-98E9-F249396C8993}.Debug|ARM.Build.0 = Debug|Any CPU
		{55695B0B-B841-431E-98E9-F249396C8993}.Debug|x86.ActiveCfg = Debug|Any CPU
		{55695B0B-B841-431E-98E9-F249396C8993}.Debug|x86.Build.0 = Debug|Any CPU
		{55695B0B-B841-431E-98E9-F249396C8993}.Release|Any CPU.ActiveCfg = Release|Any CPU
		{55695B0B-B841-431E-98E9-F249396C8993}.Release|Any CPU.Build.0 = Release|Any CPU
		{55695B0B-B841-431E-98E9-F249396C8993}.Release|ARM.ActiveCfg = Release|Any CPU
		{55695B0B-B841-431E-98E9-F249396C8993}.Release|ARM.Build.0 = Release|Any CPU
		{55695B0B-B841-431E-98E9-F249396C8993}.Release|x86.ActiveCfg = Release|Any CPU
		{55695B0B-B841-431E-98E9-F249396C8993}.Release|x86.Build.0 = Release|Any CPU
	EndGlobalSection
	GlobalSection(SolutionProperties) = preSolution
		HideSolutionNode = FALSE
	EndGlobalSection
	GlobalSection(ExtensibilityGlobals) = postSolution
		SolutionGuid = {BB11A47E-07A6-44D5-90CB-B08503D24FDB}
	EndGlobalSection
EndGlobal
