
Microsoft Visual Studio Solution File, Format Version 12.00
# Visual Studio 14
VisualStudioVersion = 14.0.23107.0
MinimumVisualStudioVersion = 10.0.40219.1
Project("{FAE04EC0-301F-11D3-BF4B-00C04F79EFBC}") = "Countly", "Countly\Countly.csproj", "{B22D74FA-2AF5-4942-948B-DAC461ADDB13}"
EndProject
Project("{FAE04EC0-301F-11D3-BF4B-00C04F79EFBC}") = "countlyCommon", "..\countlyCommon\countlyCommon\countlyCommon.csproj", "{38909D16-C155-442C-AF26-E6C7CBB7B9F6}"
EndProject
Project("{FAE04EC0-301F-11D3-BF4B-00C04F79EFBC}") = "CountlySample", "..\net35\CountlySample\CountlySample.csproj", "{29B4747F-AE48-41DD-AD3E-23D12B4440C2}"
EndProject
Global
	GlobalSection(SolutionConfigurationPlatforms) = preSolution
		Debug|Any CPU = Debug|Any CPU
		Release|Any CPU = Release|Any CPU
	EndGlobalSection
	GlobalSection(ProjectConfigurationPlatforms) = postSolution
		{B22D74FA-2AF5-4942-948B-DAC461ADDB13}.Debug|Any CPU.ActiveCfg = Debug|Any CPU
		{B22D74FA-2AF5-4942-948B-DAC461ADDB13}.Debug|Any CPU.Build.0 = Debug|Any CPU
		{B22D74FA-2AF5-4942-948B-DAC461ADDB13}.Release|Any CPU.ActiveCfg = Release|Any CPU
		{B22D74FA-2AF5-4942-948B-DAC461ADDB13}.Release|Any CPU.Build.0 = Release|Any CPU
		{38909D16-C155-442C-AF26-E6C7CBB7B9F6}.Debug|Any CPU.ActiveCfg = Debug|Any CPU
		{38909D16-C155-442C-AF26-E6C7CBB7B9F6}.Debug|Any CPU.Build.0 = Debug|Any CPU
		{38909D16-C155-442C-AF26-E6C7CBB7B9F6}.Release|Any CPU.ActiveCfg = Release|Any CPU
		{38909D16-C155-442C-AF26-E6C7CBB7B9F6}.Release|Any CPU.Build.0 = Release|Any CPU
		{29B4747F-AE48-41DD-AD3E-23D12B4440C2}.Debug|Any CPU.ActiveCfg = Debug|Any CPU
		{29B4747F-AE48-41DD-AD3E-23D12B4440C2}.Debug|Any CPU.Build.0 = Debug|Any CPU
		{29B4747F-AE48-41DD-AD3E-23D12B4440C2}.Release|Any CPU.ActiveCfg = Release|Any CPU
		{29B4747F-AE48-41DD-AD3E-23D12B4440C2}.Release|Any CPU.Build.0 = Release|Any CPU
	EndGlobalSection
	GlobalSection(SolutionProperties) = preSolution
		HideSolutionNode = FALSE
	EndGlobalSection
EndGlobal
