
Microsoft Visual Studio Solution File, Format Version 12.00
# Visual Studio Version 17
VisualStudioVersion = 17.1.32210.238
MinimumVisualStudioVersion = 10.0.40219.1
Project("{9A19103F-16F7-4668-BE54-9A1E7A4F7556}") = "Countly", "Countly\Countly.csproj", "{3BBF32AA-92A5-433B-BD7C-49DD9F16239D}"
EndProject
Project("{FAE04EC0-301F-11D3-BF4B-00C04F79EFBC}") = "CountlyTest_461", "CountlyTest_461\CountlyTest_461.csproj", "{8A33EFA6-E987-46B6-BF39-D97E2EBCD8E0}"
EndProject
Project("{FAE04EC0-301F-11D3-BF4B-00C04F79EFBC}") = "CountlySampleUWP", "CountlySampleUWP\CountlySampleUWP.csproj", "{175D8C46-9B4E-4DEA-BFA0-1F90DED2BFFD}"
EndProject
Project("{FAE04EC0-301F-11D3-BF4B-00C04F79EFBC}") = "CountlySampleWPF", "CountlySampleWPF\CountlySampleWPF.csproj", "{92477984-7180-4B82-B221-9609C438A994}"
EndProject
Project("{9A19103F-16F7-4668-BE54-9A1E7A4F7556}") = "NativeCrash.Android", "NativeCrash.Android\NativeCrash.Android.csproj", "{C8E76E8C-61CD-4313-A7C7-C6EBB9ACE3FF}"
EndProject
Project("{9A19103F-16F7-4668-BE54-9A1E7A4F7556}") = "NativeCrash.iOS", "NativeCrash.iOS\NativeCrash.iOS.csproj", "{5289E1F3-EC9E-40DE-BA4B-E1A7CCDEAED3}"
EndProject
Project("{FAE04EC0-301F-11D3-BF4B-00C04F79EFBC}") = "MauiSample", "MauiSample\MauiSample.csproj", "{BDD88F46-2675-4545-A580-8905A1A6EA2E}"
EndProject
Global
	GlobalSection(SolutionConfigurationPlatforms) = preSolution
		Debug|Any CPU = Debug|Any CPU
		Debug|ARM = Debug|ARM
		Debug|x64 = Debug|x64
		Debug|x86 = Debug|x86
		Release|Any CPU = Release|Any CPU
		Release|ARM = Release|ARM
		Release|x64 = Release|x64
		Release|x86 = Release|x86
	EndGlobalSection
	GlobalSection(ProjectConfigurationPlatforms) = postSolution
		{3BBF32AA-92A5-433B-BD7C-49DD9F16239D}.Debug|Any CPU.ActiveCfg = Debug|Any CPU
		{3BBF32AA-92A5-433B-BD7C-49DD9F16239D}.Debug|Any CPU.Build.0 = Debug|Any CPU
		{3BBF32AA-92A5-433B-BD7C-49DD9F16239D}.Debug|ARM.ActiveCfg = Debug|Any CPU
		{3BBF32AA-92A5-433B-BD7C-49DD9F16239D}.Debug|ARM.Build.0 = Debug|Any CPU
		{3BBF32AA-92A5-433B-BD7C-49DD9F16239D}.Debug|x64.ActiveCfg = Debug|Any CPU
		{3BBF32AA-92A5-433B-BD7C-49DD9F16239D}.Debug|x64.Build.0 = Debug|Any CPU
		{3BBF32AA-92A5-433B-BD7C-49DD9F16239D}.Debug|x86.ActiveCfg = Debug|Any CPU
		{3BBF32AA-92A5-433B-BD7C-49DD9F16239D}.Debug|x86.Build.0 = Debug|Any CPU
		{3BBF32AA-92A5-433B-BD7C-49DD9F16239D}.Release|Any CPU.ActiveCfg = Release|Any CPU
		{3BBF32AA-92A5-433B-BD7C-49DD9F16239D}.Release|Any CPU.Build.0 = Release|Any CPU
		{3BBF32AA-92A5-433B-BD7C-49DD9F16239D}.Release|ARM.ActiveCfg = Release|Any CPU
		{3BBF32AA-92A5-433B-BD7C-49DD9F16239D}.Release|ARM.Build.0 = Release|Any CPU
		{3BBF32AA-92A5-433B-BD7C-49DD9F16239D}.Release|x64.ActiveCfg = Release|Any CPU
		{3BBF32AA-92A5-433B-BD7C-49DD9F16239D}.Release|x64.Build.0 = Release|Any CPU
		{3BBF32AA-92A5-433B-BD7C-49DD9F16239D}.Release|x86.ActiveCfg = Release|Any CPU
		{3BBF32AA-92A5-433B-BD7C-49DD9F16239D}.Release|x86.Build.0 = Release|Any CPU
		{8A33EFA6-E987-46B6-BF39-D97E2EBCD8E0}.Debug|Any CPU.ActiveCfg = Debug|Any CPU
		{8A33EFA6-E987-46B6-BF39-D97E2EBCD8E0}.Debug|Any CPU.Build.0 = Debug|Any CPU
		{8A33EFA6-E987-46B6-BF39-D97E2EBCD8E0}.Debug|ARM.ActiveCfg = Debug|Any CPU
		{8A33EFA6-E987-46B6-BF39-D97E2EBCD8E0}.Debug|ARM.Build.0 = Debug|Any CPU
		{8A33EFA6-E987-46B6-BF39-D97E2EBCD8E0}.Debug|x64.ActiveCfg = Debug|Any CPU
		{8A33EFA6-E987-46B6-BF39-D97E2EBCD8E0}.Debug|x64.Build.0 = Debug|Any CPU
		{8A33EFA6-E987-46B6-BF39-D97E2EBCD8E0}.Debug|x86.ActiveCfg = Debug|Any CPU
		{8A33EFA6-E987-46B6-BF39-D97E2EBCD8E0}.Debug|x86.Build.0 = Debug|Any CPU
		{8A33EFA6-E987-46B6-BF39-D97E2EBCD8E0}.Release|Any CPU.ActiveCfg = Release|Any CPU
		{8A33EFA6-E987-46B6-BF39-D97E2EBCD8E0}.Release|Any CPU.Build.0 = Release|Any CPU
		{8A33EFA6-E987-46B6-BF39-D97E2EBCD8E0}.Release|ARM.ActiveCfg = Release|Any CPU
		{8A33EFA6-E987-46B6-BF39-D97E2EBCD8E0}.Release|ARM.Build.0 = Release|Any CPU
		{8A33EFA6-E987-46B6-BF39-D97E2EBCD8E0}.Release|x64.ActiveCfg = Release|Any CPU
		{8A33EFA6-E987-46B6-BF39-D97E2EBCD8E0}.Release|x64.Build.0 = Release|Any CPU
		{8A33EFA6-E987-46B6-BF39-D97E2EBCD8E0}.Release|x86.ActiveCfg = Release|Any CPU
		{8A33EFA6-E987-46B6-BF39-D97E2EBCD8E0}.Release|x86.Build.0 = Release|Any CPU
		{175D8C46-9B4E-4DEA-BFA0-1F90DED2BFFD}.Debug|Any CPU.ActiveCfg = Debug|x86
		{175D8C46-9B4E-4DEA-BFA0-1F90DED2BFFD}.Debug|Any CPU.Deploy.0 = Debug|x86
		{175D8C46-9B4E-4DEA-BFA0-1F90DED2BFFD}.Debug|ARM.ActiveCfg = Debug|ARM
		{175D8C46-9B4E-4DEA-BFA0-1F90DED2BFFD}.Debug|ARM.Build.0 = Debug|ARM
		{175D8C46-9B4E-4DEA-BFA0-1F90DED2BFFD}.Debug|ARM.Deploy.0 = Debug|ARM
		{175D8C46-9B4E-4DEA-BFA0-1F90DED2BFFD}.Debug|x64.ActiveCfg = Debug|x64
		{175D8C46-9B4E-4DEA-BFA0-1F90DED2BFFD}.Debug|x64.Build.0 = Debug|x64
		{175D8C46-9B4E-4DEA-BFA0-1F90DED2BFFD}.Debug|x64.Deploy.0 = Debug|x64
		{175D8C46-9B4E-4DEA-BFA0-1F90DED2BFFD}.Debug|x86.ActiveCfg = Debug|x86
		{175D8C46-9B4E-4DEA-BFA0-1F90DED2BFFD}.Debug|x86.Build.0 = Debug|x86
		{175D8C46-9B4E-4DEA-BFA0-1F90DED2BFFD}.Debug|x86.Deploy.0 = Debug|x86
		{175D8C46-9B4E-4DEA-BFA0-1F90DED2BFFD}.Release|Any CPU.ActiveCfg = Release|x86
		{175D8C46-9B4E-4DEA-BFA0-1F90DED2BFFD}.Release|ARM.ActiveCfg = Release|ARM
		{175D8C46-9B4E-4DEA-BFA0-1F90DED2BFFD}.Release|ARM.Build.0 = Release|ARM
		{175D8C46-9B4E-4DEA-BFA0-1F90DED2BFFD}.Release|ARM.Deploy.0 = Release|ARM
		{175D8C46-9B4E-4DEA-BFA0-1F90DED2BFFD}.Release|x64.ActiveCfg = Release|x64
		{175D8C46-9B4E-4DEA-BFA0-1F90DED2BFFD}.Release|x64.Build.0 = Release|x64
		{175D8C46-9B4E-4DEA-BFA0-1F90DED2BFFD}.Release|x64.Deploy.0 = Release|x64
		{175D8C46-9B4E-4DEA-BFA0-1F90DED2BFFD}.Release|x86.ActiveCfg = Release|x86
		{175D8C46-9B4E-4DEA-BFA0-1F90DED2BFFD}.Release|x86.Build.0 = Release|x86
		{175D8C46-9B4E-4DEA-BFA0-1F90DED2BFFD}.Release|x86.Deploy.0 = Release|x86
		{92477984-7180-4B82-B221-9609C438A994}.Debug|Any CPU.ActiveCfg = Debug|Any CPU
		{92477984-7180-4B82-B221-9609C438A994}.Debug|Any CPU.Build.0 = Debug|Any CPU
		{92477984-7180-4B82-B221-9609C438A994}.Debug|ARM.ActiveCfg = Debug|Any CPU
		{92477984-7180-4B82-B221-9609C438A994}.Debug|ARM.Build.0 = Debug|Any CPU
		{92477984-7180-4B82-B221-9609C438A994}.Debug|x64.ActiveCfg = Debug|Any CPU
		{92477984-7180-4B82-B221-9609C438A994}.Debug|x64.Build.0 = Debug|Any CPU
		{92477984-7180-4B82-B221-9609C438A994}.Debug|x86.ActiveCfg = Debug|Any CPU
		{92477984-7180-4B82-B221-9609C438A994}.Debug|x86.Build.0 = Debug|Any CPU
		{92477984-7180-4B82-B221-9609C438A994}.Release|Any CPU.ActiveCfg = Release|Any CPU
		{92477984-7180-4B82-B221-9609C438A994}.Release|Any CPU.Build.0 = Release|Any CPU
		{92477984-7180-4B82-B221-9609C438A994}.Release|ARM.ActiveCfg = Release|Any CPU
		{92477984-7180-4B82-B221-9609C438A994}.Release|ARM.Build.0 = Release|Any CPU
		{92477984-7180-4B82-B221-9609C438A994}.Release|x64.ActiveCfg = Release|Any CPU
		{92477984-7180-4B82-B221-9609C438A994}.Release|x64.Build.0 = Release|Any CPU
		{92477984-7180-4B82-B221-9609C438A994}.Release|x86.ActiveCfg = Release|Any CPU
		{92477984-7180-4B82-B221-9609C438A994}.Release|x86.Build.0 = Release|Any CPU
		{C8E76E8C-61CD-4313-A7C7-C6EBB9ACE3FF}.Debug|Any CPU.ActiveCfg = Debug|Any CPU
		{C8E76E8C-61CD-4313-A7C7-C6EBB9ACE3FF}.Debug|Any CPU.Build.0 = Debug|Any CPU
		{C8E76E8C-61CD-4313-A7C7-C6EBB9ACE3FF}.Debug|ARM.ActiveCfg = Debug|Any CPU
		{C8E76E8C-61CD-4313-A7C7-C6EBB9ACE3FF}.Debug|ARM.Build.0 = Debug|Any CPU
		{C8E76E8C-61CD-4313-A7C7-C6EBB9ACE3FF}.Debug|x64.ActiveCfg = Debug|Any CPU
		{C8E76E8C-61CD-4313-A7C7-C6EBB9ACE3FF}.Debug|x64.Build.0 = Debug|Any CPU
		{C8E76E8C-61CD-4313-A7C7-C6EBB9ACE3FF}.Debug|x86.ActiveCfg = Debug|Any CPU
		{C8E76E8C-61CD-4313-A7C7-C6EBB9ACE3FF}.Debug|x86.Build.0 = Debug|Any CPU
		{C8E76E8C-61CD-4313-A7C7-C6EBB9ACE3FF}.Release|Any CPU.ActiveCfg = Release|Any CPU
		{C8E76E8C-61CD-4313-A7C7-C6EBB9ACE3FF}.Release|Any CPU.Build.0 = Release|Any CPU
		{C8E76E8C-61CD-4313-A7C7-C6EBB9ACE3FF}.Release|ARM.ActiveCfg = Release|Any CPU
		{C8E76E8C-61CD-4313-A7C7-C6EBB9ACE3FF}.Release|ARM.Build.0 = Release|Any CPU
		{C8E76E8C-61CD-4313-A7C7-C6EBB9ACE3FF}.Release|x64.ActiveCfg = Release|Any CPU
		{C8E76E8C-61CD-4313-A7C7-C6EBB9ACE3FF}.Release|x64.Build.0 = Release|Any CPU
		{C8E76E8C-61CD-4313-A7C7-C6EBB9ACE3FF}.Release|x86.ActiveCfg = Release|Any CPU
		{C8E76E8C-61CD-4313-A7C7-C6EBB9ACE3FF}.Release|x86.Build.0 = Release|Any CPU
		{5289E1F3-EC9E-40DE-BA4B-E1A7CCDEAED3}.Debug|Any CPU.ActiveCfg = Debug|Any CPU
		{5289E1F3-EC9E-40DE-BA4B-E1A7CCDEAED3}.Debug|Any CPU.Build.0 = Debug|Any CPU
		{5289E1F3-EC9E-40DE-BA4B-E1A7CCDEAED3}.Debug|ARM.ActiveCfg = Debug|Any CPU
		{5289E1F3-EC9E-40DE-BA4B-E1A7CCDEAED3}.Debug|ARM.Build.0 = Debug|Any CPU
		{5289E1F3-EC9E-40DE-BA4B-E1A7CCDEAED3}.Debug|x64.ActiveCfg = Debug|Any CPU
		{5289E1F3-EC9E-40DE-BA4B-E1A7CCDEAED3}.Debug|x64.Build.0 = Debug|Any CPU
		{5289E1F3-EC9E-40DE-BA4B-E1A7CCDEAED3}.Debug|x86.ActiveCfg = Debug|Any CPU
		{5289E1F3-EC9E-40DE-BA4B-E1A7CCDEAED3}.Debug|x86.Build.0 = Debug|Any CPU
		{5289E1F3-EC9E-40DE-BA4B-E1A7CCDEAED3}.Release|Any CPU.ActiveCfg = Release|Any CPU
		{5289E1F3-EC9E-40DE-BA4B-E1A7CCDEAED3}.Release|Any CPU.Build.0 = Release|Any CPU
		{5289E1F3-EC9E-40DE-BA4B-E1A7CCDEAED3}.Release|ARM.ActiveCfg = Release|Any CPU
		{5289E1F3-EC9E-40DE-BA4B-E1A7CCDEAED3}.Release|ARM.Build.0 = Release|Any CPU
		{5289E1F3-EC9E-40DE-BA4B-E1A7CCDEAED3}.Release|x64.ActiveCfg = Release|Any CPU
		{5289E1F3-EC9E-40DE-BA4B-E1A7CCDEAED3}.Release|x64.Build.0 = Release|Any CPU
		{5289E1F3-EC9E-40DE-BA4B-E1A7CCDEAED3}.Release|x86.ActiveCfg = Release|Any CPU
		{5289E1F3-EC9E-40DE-BA4B-E1A7CCDEAED3}.Release|x86.Build.0 = Release|Any CPU
		{BDD88F46-2675-4545-A580-8905A1A6EA2E}.Debug|Any CPU.ActiveCfg = Debug|Any CPU
		{BDD88F46-2675-4545-A580-8905A1A6EA2E}.Debug|Any CPU.Build.0 = Debug|Any CPU
		{BDD88F46-2675-4545-A580-8905A1A6EA2E}.Debug|Any CPU.Deploy.0 = Debug|Any CPU
		{BDD88F46-2675-4545-A580-8905A1A6EA2E}.Debug|ARM.ActiveCfg = Debug|Any CPU
		{BDD88F46-2675-4545-A580-8905A1A6EA2E}.Debug|ARM.Build.0 = Debug|Any CPU
		{BDD88F46-2675-4545-A580-8905A1A6EA2E}.Debug|ARM.Deploy.0 = Debug|Any CPU
		{BDD88F46-2675-4545-A580-8905A1A6EA2E}.Debug|x64.ActiveCfg = Debug|Any CPU
		{BDD88F46-2675-4545-A580-8905A1A6EA2E}.Debug|x64.Build.0 = Debug|Any CPU
		{BDD88F46-2675-4545-A580-8905A1A6EA2E}.Debug|x64.Deploy.0 = Debug|Any CPU
		{BDD88F46-2675-4545-A580-8905A1A6EA2E}.Debug|x86.ActiveCfg = Debug|Any CPU
		{BDD88F46-2675-4545-A580-8905A1A6EA2E}.Debug|x86.Build.0 = Debug|Any CPU
		{BDD88F46-2675-4545-A580-8905A1A6EA2E}.Debug|x86.Deploy.0 = Debug|Any CPU
		{BDD88F46-2675-4545-A580-8905A1A6EA2E}.Release|Any CPU.ActiveCfg = Release|Any CPU
		{BDD88F46-2675-4545-A580-8905A1A6EA2E}.Release|Any CPU.Build.0 = Release|Any CPU
		{BDD88F46-2675-4545-A580-8905A1A6EA2E}.Release|Any CPU.Deploy.0 = Release|Any CPU
		{BDD88F46-2675-4545-A580-8905A1A6EA2E}.Release|ARM.ActiveCfg = Release|Any CPU
		{BDD88F46-2675-4545-A580-8905A1A6EA2E}.Release|ARM.Build.0 = Release|Any CPU
		{BDD88F46-2675-4545-A580-8905A1A6EA2E}.Release|ARM.Deploy.0 = Release|Any CPU
		{BDD88F46-2675-4545-A580-8905A1A6EA2E}.Release|x64.ActiveCfg = Release|Any CPU
		{BDD88F46-2675-4545-A580-8905A1A6EA2E}.Release|x64.Build.0 = Release|Any CPU
		{BDD88F46-2675-4545-A580-8905A1A6EA2E}.Release|x64.Deploy.0 = Release|Any CPU
		{BDD88F46-2675-4545-A580-8905A1A6EA2E}.Release|x86.ActiveCfg = Release|Any CPU
		{BDD88F46-2675-4545-A580-8905A1A6EA2E}.Release|x86.Build.0 = Release|Any CPU
		{BDD88F46-2675-4545-A580-8905A1A6EA2E}.Release|x86.Deploy.0 = Release|Any CPU
	EndGlobalSection
	GlobalSection(SolutionProperties) = preSolution
		HideSolutionNode = FALSE
	EndGlobalSection
	GlobalSection(ExtensibilityGlobals) = postSolution
		SolutionGuid = {94710812-171C-4363-B7BC-745BBC5A925A}
	EndGlobalSection
EndGlobal
