
Microsoft Visual Studio Solution File, Format Version 12.00
# Visual Studio Version 17
VisualStudioVersion = 17.1.32210.238
MinimumVisualStudioVersion = 10.0.40219.1
Project("{9A19103F-16F7-4668-BE54-9A1E7A4F7556}") = "Countly", "Countly\Countly.csproj", "{3BBF32AA-92A5-433B-BD7C-49DD9F16239D}"
EndProject
Project("{FAE04EC0-301F-11D3-BF4B-00C04F79EFBC}") = "CountlyTest_461", "CountlyTest_461\CountlyTest_461.csproj", "{8A33EFA6-E987-46B6-BF39-D97E2EBCD8E0}"
EndProject
Project("{FAE04EC0-301F-11D3-BF4B-00C04F79EFBC}") = "CountlySampleUWP", "CountlySampleUWP\CountlySampleUWP.csproj", "{175D8C46-9B4E-4DEA-BFA0-1F90DED2BFFD}"
EndProject
Project("{FAE04EC0-301F-11D3-BF4B-00C04F79EFBC}") = "CountlySampleWPF", "CountlySampleWPF\CountlySampleWPF.csproj", "{92477984-7180-4B82-B221-9609C438A994}"
EndProject
Project("{9A19103F-16F7-4668-BE54-9A1E7A4F7556}") = "MauiSampleApp", "MauiSampleApp\MauiSampleApp.csproj", "{5DCCA5B2-AA5C-4AF5-ADF4-F3F512B9E3CE}"
EndProject
Project("{9A19103F-16F7-4668-BE54-9A1E7A4F7556}") = "NativeCrash.Android", "MauiSampleAppNativeIntegrations\NativeCrash.Android\NativeCrash.Android.csproj", "{57B0F750-7B44-46A9-BE39-4FAC038FA767}"
EndProject
Project("{FAE04EC0-301F-11D3-BF4B-00C04F79EFBC}") = "CountlyTestBackendMode", "CountlyTestBackendMode\CountlyTestBackendMode.csproj", "{DF45EF7D-5F7C-4254-A357-7B24BB50115B}"
EndProject
Global
	GlobalSection(SolutionConfigurationPlatforms) = preSolution
		Debug|Any CPU = Debug|Any CPU
		Debug|ARM = Debug|ARM
		Debug|x64 = Debug|x64
		Debug|x86 = Debug|x86
		Release|Any CPU = Release|Any CPU
		Release|ARM = Release|ARM
		Release|x64 = Release|x64
		Release|x86 = Release|x86
	EndGlobalSection
	GlobalSection(ProjectConfigurationPlatforms) = postSolution
		{3BBF32AA-92A5-433B-BD7C-49DD9F16239D}.Debug|Any CPU.ActiveCfg = Debug|Any CPU
		{3BBF32AA-92A5-433B-BD7C-49DD9F16239D}.Debug|Any CPU.Build.0 = Debug|Any CPU
		{3BBF32AA-92A5-433B-BD7C-49DD9F16239D}.Debug|ARM.ActiveCfg = Debug|Any CPU
		{3BBF32AA-92A5-433B-BD7C-49DD9F16239D}.Debug|ARM.Build.0 = Debug|Any CPU
		{3BBF32AA-92A5-433B-BD7C-49DD9F16239D}.Debug|x64.ActiveCfg = Debug|Any CPU
		{3BBF32AA-92A5-433B-BD7C-49DD9F16239D}.Debug|x64.Build.0 = Debug|Any CPU
		{3BBF32AA-92A5-433B-BD7C-49DD9F16239D}.Debug|x86.ActiveCfg = Debug|Any CPU
		{3BBF32AA-92A5-433B-BD7C-49DD9F16239D}.Debug|x86.Build.0 = Debug|Any CPU
		{3BBF32AA-92A5-433B-BD7C-49DD9F16239D}.Release|Any CPU.ActiveCfg = Release|Any CPU
		{3BBF32AA-92A5-433B-BD7C-49DD9F16239D}.Release|Any CPU.Build.0 = Release|Any CPU
		{3BBF32AA-92A5-433B-BD7C-49DD9F16239D}.Release|ARM.ActiveCfg = Release|Any CPU
		{3BBF32AA-92A5-433B-BD7C-49DD9F16239D}.Release|ARM.Build.0 = Release|Any CPU
		{3BBF32AA-92A5-433B-BD7C-49DD9F16239D}.Release|x64.ActiveCfg = Release|Any CPU
		{3BBF32AA-92A5-433B-BD7C-49DD9F16239D}.Release|x64.Build.0 = Release|Any CPU
		{3BBF32AA-92A5-433B-BD7C-49DD9F16239D}.Release|x86.ActiveCfg = Release|Any CPU
		{3BBF32AA-92A5-433B-BD7C-49DD9F16239D}.Release|x86.Build.0 = Release|Any CPU
		{8A33EFA6-E987-46B6-BF39-D97E2EBCD8E0}.Debug|Any CPU.ActiveCfg = Debug|Any CPU
		{8A33EFA6-E987-46B6-BF39-D97E2EBCD8E0}.Debug|Any CPU.Build.0 = Debug|Any CPU
		{8A33EFA6-E987-46B6-BF39-D97E2EBCD8E0}.Debug|ARM.ActiveCfg = Debug|Any CPU
		{8A33EFA6-E987-46B6-BF39-D97E2EBCD8E0}.Debug|ARM.Build.0 = Debug|Any CPU
		{8A33EFA6-E987-46B6-BF39-D97E2EBCD8E0}.Debug|x64.ActiveCfg = Debug|Any CPU
		{8A33EFA6-E987-46B6-BF39-D97E2EBCD8E0}.Debug|x64.Build.0 = Debug|Any CPU
		{8A33EFA6-E987-46B6-BF39-D97E2EBCD8E0}.Debug|x86.ActiveCfg = Debug|Any CPU
		{8A33EFA6-E987-46B6-BF39-D97E2EBCD8E0}.Debug|x86.Build.0 = Debug|Any CPU
		{8A33EFA6-E987-46B6-BF39-D97E2EBCD8E0}.Release|Any CPU.ActiveCfg = Release|Any CPU
		{8A33EFA6-E987-46B6-BF39-D97E2EBCD8E0}.Release|Any CPU.Build.0 = Release|Any CPU
		{8A33EFA6-E987-46B6-BF39-D97E2EBCD8E0}.Release|ARM.ActiveCfg = Release|Any CPU
		{8A33EFA6-E987-46B6-BF39-D97E2EBCD8E0}.Release|ARM.Build.0 = Release|Any CPU
		{8A33EFA6-E987-46B6-BF39-D97E2EBCD8E0}.Release|x64.ActiveCfg = Release|Any CPU
		{8A33EFA6-E987-46B6-BF39-D97E2EBCD8E0}.Release|x64.Build.0 = Release|Any CPU
		{8A33EFA6-E987-46B6-BF39-D97E2EBCD8E0}.Release|x86.ActiveCfg = Release|Any CPU
		{8A33EFA6-E987-46B6-BF39-D97E2EBCD8E0}.Release|x86.Build.0 = Release|Any CPU
		{175D8C46-9B4E-4DEA-BFA0-1F90DED2BFFD}.Debug|Any CPU.ActiveCfg = Debug|x86
		{175D8C46-9B4E-4DEA-BFA0-1F90DED2BFFD}.Debug|Any CPU.Deploy.0 = Debug|x86
		{175D8C46-9B4E-4DEA-BFA0-1F90DED2BFFD}.Debug|ARM.ActiveCfg = Debug|ARM
		{175D8C46-9B4E-4DEA-BFA0-1F90DED2BFFD}.Debug|ARM.Build.0 = Debug|ARM
		{175D8C46-9B4E-4DEA-BFA0-1F90DED2BFFD}.Debug|ARM.Deploy.0 = Debug|ARM
		{175D8C46-9B4E-4DEA-BFA0-1F90DED2BFFD}.Debug|x64.ActiveCfg = Debug|x64
		{175D8C46-9B4E-4DEA-BFA0-1F90DED2BFFD}.Debug|x64.Build.0 = Debug|x64
		{175D8C46-9B4E-4DEA-BFA0-1F90DED2BFFD}.Debug|x64.Deploy.0 = Debug|x64
		{175D8C46-9B4E-4DEA-BFA0-1F90DED2BFFD}.Debug|x86.ActiveCfg = Debug|x86
		{175D8C46-9B4E-4DEA-BFA0-1F90DED2BFFD}.Debug|x86.Build.0 = Debug|x86
		{175D8C46-9B4E-4DEA-BFA0-1F90DED2BFFD}.Debug|x86.Deploy.0 = Debug|x86
		{175D8C46-9B4E-4DEA-BFA0-1F90DED2BFFD}.Release|Any CPU.ActiveCfg = Release|x86
		{175D8C46-9B4E-4DEA-BFA0-1F90DED2BFFD}.Release|ARM.ActiveCfg = Release|ARM
		{175D8C46-9B4E-4DEA-BFA0-1F90DED2BFFD}.Release|ARM.Build.0 = Release|ARM
		{175D8C46-9B4E-4DEA-BFA0-1F90DED2BFFD}.Release|ARM.Deploy.0 = Release|ARM
		{175D8C46-9B4E-4DEA-BFA0-1F90DED2BFFD}.Release|x64.ActiveCfg = Release|x64
		{175D8C46-9B4E-4DEA-BFA0-1F90DED2BFFD}.Release|x64.Build.0 = Release|x64
		{175D8C46-9B4E-4DEA-BFA0-1F90DED2BFFD}.Release|x64.Deploy.0 = Release|x64
		{175D8C46-9B4E-4DEA-BFA0-1F90DED2BFFD}.Release|x86.ActiveCfg = Release|x86
		{175D8C46-9B4E-4DEA-BFA0-1F90DED2BFFD}.Release|x86.Build.0 = Release|x86
		{175D8C46-9B4E-4DEA-BFA0-1F90DED2BFFD}.Release|x86.Deploy.0 = Release|x86
		{92477984-7180-4B82-B221-9609C438A994}.Debug|Any CPU.ActiveCfg = Debug|Any CPU
		{92477984-7180-4B82-B221-9609C438A994}.Debug|Any CPU.Build.0 = Debug|Any CPU
		{92477984-7180-4B82-B221-9609C438A994}.Debug|ARM.ActiveCfg = Debug|Any CPU
		{92477984-7180-4B82-B221-9609C438A994}.Debug|ARM.Build.0 = Debug|Any CPU
		{92477984-7180-4B82-B221-9609C438A994}.Debug|x64.ActiveCfg = Debug|Any CPU
		{92477984-7180-4B82-B221-9609C438A994}.Debug|x64.Build.0 = Debug|Any CPU
		{92477984-7180-4B82-B221-9609C438A994}.Debug|x86.ActiveCfg = Debug|Any CPU
		{92477984-7180-4B82-B221-9609C438A994}.Debug|x86.Build.0 = Debug|Any CPU
		{92477984-7180-4B82-B221-9609C438A994}.Release|Any CPU.ActiveCfg = Release|Any CPU
		{92477984-7180-4B82-B221-9609C438A994}.Release|Any CPU.Build.0 = Release|Any CPU
		{92477984-7180-4B82-B221-9609C438A994}.Release|ARM.ActiveCfg = Release|Any CPU
		{92477984-7180-4B82-B221-9609C438A994}.Release|ARM.Build.0 = Release|Any CPU
		{92477984-7180-4B82-B221-9609C438A994}.Release|x64.ActiveCfg = Release|Any CPU
		{92477984-7180-4B82-B221-9609C438A994}.Release|x64.Build.0 = Release|Any CPU
		{92477984-7180-4B82-B221-9609C438A994}.Release|x86.ActiveCfg = Release|Any CPU
		{92477984-7180-4B82-B221-9609C438A994}.Release|x86.Build.0 = Release|Any CPU
		{5DCCA5B2-AA5C-4AF5-ADF4-F3F512B9E3CE}.Debug|Any CPU.ActiveCfg = Debug|Any CPU
		{5DCCA5B2-AA5C-4AF5-ADF4-F3F512B9E3CE}.Debug|Any CPU.Build.0 = Debug|Any CPU
		{5DCCA5B2-AA5C-4AF5-ADF4-F3F512B9E3CE}.Debug|Any CPU.Deploy.0 = Debug|Any CPU
		{5DCCA5B2-AA5C-4AF5-ADF4-F3F512B9E3CE}.Debug|ARM.ActiveCfg = Debug|Any CPU
		{5DCCA5B2-AA5C-4AF5-ADF4-F3F512B9E3CE}.Debug|ARM.Build.0 = Debug|Any CPU
		{5DCCA5B2-AA5C-4AF5-ADF4-F3F512B9E3CE}.Debug|ARM.Deploy.0 = Debug|Any CPU
		{5DCCA5B2-AA5C-4AF5-ADF4-F3F512B9E3CE}.Debug|x64.ActiveCfg = Debug|Any CPU
		{5DCCA5B2-AA5C-4AF5-ADF4-F3F512B9E3CE}.Debug|x64.Build.0 = Debug|Any CPU
		{5DCCA5B2-AA5C-4AF5-ADF4-F3F512B9E3CE}.Debug|x64.Deploy.0 = Debug|Any CPU
		{5DCCA5B2-AA5C-4AF5-ADF4-F3F512B9E3CE}.Debug|x86.ActiveCfg = Debug|Any CPU
		{5DCCA5B2-AA5C-4AF5-ADF4-F3F512B9E3CE}.Debug|x86.Build.0 = Debug|Any CPU
		{5DCCA5B2-AA5C-4AF5-ADF4-F3F512B9E3CE}.Debug|x86.Deploy.0 = Debug|Any CPU
		{5DCCA5B2-AA5C-4AF5-ADF4-F3F512B9E3CE}.Release|Any CPU.ActiveCfg = Release|Any CPU
		{5DCCA5B2-AA5C-4AF5-ADF4-F3F512B9E3CE}.Release|Any CPU.Build.0 = Release|Any CPU
		{5DCCA5B2-AA5C-4AF5-ADF4-F3F512B9E3CE}.Release|Any CPU.Deploy.0 = Release|Any CPU
		{5DCCA5B2-AA5C-4AF5-ADF4-F3F512B9E3CE}.Release|ARM.ActiveCfg = Release|Any CPU
		{5DCCA5B2-AA5C-4AF5-ADF4-F3F512B9E3CE}.Release|ARM.Build.0 = Release|Any CPU
		{5DCCA5B2-AA5C-4AF5-ADF4-F3F512B9E3CE}.Release|ARM.Deploy.0 = Release|Any CPU
		{5DCCA5B2-AA5C-4AF5-ADF4-F3F512B9E3CE}.Release|x64.ActiveCfg = Release|Any CPU
		{5DCCA5B2-AA5C-4AF5-ADF4-F3F512B9E3CE}.Release|x64.Build.0 = Release|Any CPU
		{5DCCA5B2-AA5C-4AF5-ADF4-F3F512B9E3CE}.Release|x64.Deploy.0 = Release|Any CPU
		{5DCCA5B2-AA5C-4AF5-ADF4-F3F512B9E3CE}.Release|x86.ActiveCfg = Release|Any CPU
		{5DCCA5B2-AA5C-4AF5-ADF4-F3F512B9E3CE}.Release|x86.Build.0 = Release|Any CPU
		{5DCCA5B2-AA5C-4AF5-ADF4-F3F512B9E3CE}.Release|x86.Deploy.0 = Release|Any CPU
		{57B0F750-7B44-46A9-BE39-4FAC038FA767}.Debug|Any CPU.ActiveCfg = Debug|Any CPU
		{57B0F750-7B44-46A9-BE39-4FAC038FA767}.Debug|Any CPU.Build.0 = Debug|Any CPU
		{57B0F750-7B44-46A9-BE39-4FAC038FA767}.Debug|ARM.ActiveCfg = Debug|Any CPU
		{57B0F750-7B44-46A9-BE39-4FAC038FA767}.Debug|ARM.Build.0 = Debug|Any CPU
		{57B0F750-7B44-46A9-BE39-4FAC038FA767}.Debug|x64.ActiveCfg = Debug|Any CPU
		{57B0F750-7B44-46A9-BE39-4FAC038FA767}.Debug|x64.Build.0 = Debug|Any CPU
		{57B0F750-7B44-46A9-BE39-4FAC038FA767}.Debug|x86.ActiveCfg = Debug|Any CPU
		{57B0F750-7B44-46A9-BE39-4FAC038FA767}.Debug|x86.Build.0 = Debug|Any CPU
		{57B0F750-7B44-46A9-BE39-4FAC038FA767}.Release|Any CPU.ActiveCfg = Release|Any CPU
		{57B0F750-7B44-46A9-BE39-4FAC038FA767}.Release|Any CPU.Build.0 = Release|Any CPU
		{57B0F750-7B44-46A9-BE39-4FAC038FA767}.Release|ARM.ActiveCfg = Release|Any CPU
		{57B0F750-7B44-46A9-BE39-4FAC038FA767}.Release|ARM.Build.0 = Release|Any CPU
		{57B0F750-7B44-46A9-BE39-4FAC038FA767}.Release|x64.ActiveCfg = Release|Any CPU
		{57B0F750-7B44-46A9-BE39-4FAC038FA767}.Release|x64.Build.0 = Release|Any CPU
		{57B0F750-7B44-46A9-BE39-4FAC038FA767}.Release|x86.ActiveCfg = Release|Any CPU
		{57B0F750-7B44-46A9-BE39-4FAC038FA767}.Release|x86.Build.0 = Release|Any CPU
		{DF45EF7D-5F7C-4254-A357-7B24BB50115B}.Debug|Any CPU.ActiveCfg = Debug|Any CPU
		{DF45EF7D-5F7C-4254-A357-7B24BB50115B}.Debug|Any CPU.Build.0 = Debug|Any CPU
		{DF45EF7D-5F7C-4254-A357-7B24BB50115B}.Debug|ARM.ActiveCfg = Debug|Any CPU
		{DF45EF7D-5F7C-4254-A357-7B24BB50115B}.Debug|ARM.Build.0 = Debug|Any CPU
		{DF45EF7D-5F7C-4254-A357-7B24BB50115B}.Debug|x64.ActiveCfg = Debug|Any CPU
		{DF45EF7D-5F7C-4254-A357-7B24BB50115B}.Debug|x64.Build.0 = Debug|Any CPU
		{DF45EF7D-5F7C-4254-A357-7B24BB50115B}.Debug|x86.ActiveCfg = Debug|Any CPU
		{DF45EF7D-5F7C-4254-A357-7B24BB50115B}.Debug|x86.Build.0 = Debug|Any CPU
		{DF45EF7D-5F7C-4254-A357-7B24BB50115B}.Release|Any CPU.ActiveCfg = Release|Any CPU
		{DF45EF7D-5F7C-4254-A357-7B24BB50115B}.Release|Any CPU.Build.0 = Release|Any CPU
		{DF45EF7D-5F7C-4254-A357-7B24BB50115B}.Release|ARM.ActiveCfg = Release|Any CPU
		{DF45EF7D-5F7C-4254-A357-7B24BB50115B}.Release|ARM.Build.0 = Release|Any CPU
		{DF45EF7D-5F7C-4254-A357-7B24BB50115B}.Release|x64.ActiveCfg = Release|Any CPU
		{DF45EF7D-5F7C-4254-A357-7B24BB50115B}.Release|x64.Build.0 = Release|Any CPU
		{DF45EF7D-5F7C-4254-A357-7B24BB50115B}.Release|x86.ActiveCfg = Release|Any CPU
		{DF45EF7D-5F7C-4254-A357-7B24BB50115B}.Release|x86.Build.0 = Release|Any CPU
	EndGlobalSection
	GlobalSection(SolutionProperties) = preSolution
		HideSolutionNode = FALSE
	EndGlobalSection
	GlobalSection(ExtensibilityGlobals) = postSolution
		SolutionGuid = {94710812-171C-4363-B7BC-745BBC5A925A}
	EndGlobalSection
EndGlobal
