
Microsoft Visual Studio Solution File, Format Version 11.00
# Visual Studio 2010
Project("{FAE04EC0-301F-11D3-BF4B-00C04F79EFBC}") = "OpenUDIDCSharp", "OpenUDIDCSharp\OpenUDIDCSharp.csproj", "{B9ED34BF-0538-4369-8AF7-A8748441B0C3}"
EndProject
Project("{FAE04EC0-301F-11D3-BF4B-00C04F79EFBC}") = "WindowsDesktopConsoleTester", "WindowsDesktopConsoleTester\WindowsDesktopConsoleTester.csproj", "{BDB65AE6-DF19-4F73-ABE5-4128304D0B0A}"
EndProject
Project("{FAE04EC0-301F-11D3-BF4B-00C04F79EFBC}") = "PhoneAppTester", "PhoneAppTester\PhoneAppTester.csproj", "{2EE0225B-361B-4AC2-9C1A-89B3078CC902}"
EndProject
Project("{FAE04EC0-301F-11D3-BF4B-00C04F79EFBC}") = "OpenUDIDPhone", "OpenUDIDPhone\OpenUDIDPhone.csproj", "{B8857364-4BDB-40A2-9CE7-6F2A08AD1B7E}"
EndProject
Global
	GlobalSection(SolutionConfigurationPlatforms) = preSolution
		Debug|Any CPU = Debug|Any CPU
		Debug|Mixed Platforms = Debug|Mixed Platforms
		Debug|x86 = Debug|x86
		Release|Any CPU = Release|Any CPU
		Release|Mixed Platforms = Release|Mixed Platforms
		Release|x86 = Release|x86
	EndGlobalSection
	GlobalSection(ProjectConfigurationPlatforms) = postSolution
		{B9ED34BF-0538-4369-8AF7-A8748441B0C3}.Debug|Any CPU.ActiveCfg = Debug|Any CPU
		{B9ED34BF-0538-4369-8AF7-A8748441B0C3}.Debug|Any CPU.Build.0 = Debug|Any CPU
		{B9ED34BF-0538-4369-8AF7-A8748441B0C3}.Debug|Mixed Platforms.ActiveCfg = Debug|Any CPU
		{B9ED34BF-0538-4369-8AF7-A8748441B0C3}.Debug|Mixed Platforms.Build.0 = Debug|Any CPU
		{B9ED34BF-0538-4369-8AF7-A8748441B0C3}.Debug|x86.ActiveCfg = Debug|Any CPU
		{B9ED34BF-0538-4369-8AF7-A8748441B0C3}.Release|Any CPU.ActiveCfg = Release|Any CPU
		{B9ED34BF-0538-4369-8AF7-A8748441B0C3}.Release|Any CPU.Build.0 = Release|Any CPU
		{B9ED34BF-0538-4369-8AF7-A8748441B0C3}.Release|Mixed Platforms.ActiveCfg = Release|Any CPU
		{B9ED34BF-0538-4369-8AF7-A8748441B0C3}.Release|Mixed Platforms.Build.0 = Release|Any CPU
		{B9ED34BF-0538-4369-8AF7-A8748441B0C3}.Release|x86.ActiveCfg = Release|Any CPU
		{BDB65AE6-DF19-4F73-ABE5-4128304D0B0A}.Debug|Any CPU.ActiveCfg = Debug|x86
		{BDB65AE6-DF19-4F73-ABE5-4128304D0B0A}.Debug|Mixed Platforms.ActiveCfg = Debug|x86
		{BDB65AE6-DF19-4F73-ABE5-4128304D0B0A}.Debug|Mixed Platforms.Build.0 = Debug|x86
		{BDB65AE6-DF19-4F73-ABE5-4128304D0B0A}.Debug|x86.ActiveCfg = Debug|x86
		{BDB65AE6-DF19-4F73-ABE5-4128304D0B0A}.Debug|x86.Build.0 = Debug|x86
		{BDB65AE6-DF19-4F73-ABE5-4128304D0B0A}.Release|Any CPU.ActiveCfg = Release|x86
		{BDB65AE6-DF19-4F73-ABE5-4128304D0B0A}.Release|Mixed Platforms.ActiveCfg = Release|x86
		{BDB65AE6-DF19-4F73-ABE5-4128304D0B0A}.Release|Mixed Platforms.Build.0 = Release|x86
		{BDB65AE6-DF19-4F73-ABE5-4128304D0B0A}.Release|x86.ActiveCfg = Release|x86
		{BDB65AE6-DF19-4F73-ABE5-4128304D0B0A}.Release|x86.Build.0 = Release|x86
		{2EE0225B-361B-4AC2-9C1A-89B3078CC902}.Debug|Any CPU.ActiveCfg = Debug|Any CPU
		{2EE0225B-361B-4AC2-9C1A-89B3078CC902}.Debug|Any CPU.Build.0 = Debug|Any CPU
		{2EE0225B-361B-4AC2-9C1A-89B3078CC902}.Debug|Any CPU.Deploy.0 = Debug|Any CPU
		{2EE0225B-361B-4AC2-9C1A-89B3078CC902}.Debug|Mixed Platforms.ActiveCfg = Debug|Any CPU
		{2EE0225B-361B-4AC2-9C1A-89B3078CC902}.Debug|Mixed Platforms.Build.0 = Debug|Any CPU
		{2EE0225B-361B-4AC2-9C1A-89B3078CC902}.Debug|Mixed Platforms.Deploy.0 = Debug|Any CPU
		{2EE0225B-361B-4AC2-9C1A-89B3078CC902}.Debug|x86.ActiveCfg = Debug|Any CPU
		{2EE0225B-361B-4AC2-9C1A-89B3078CC902}.Release|Any CPU.ActiveCfg = Release|Any CPU
		{2EE0225B-361B-4AC2-9C1A-89B3078CC902}.Release|Any CPU.Build.0 = Release|Any CPU
		{2EE0225B-361B-4AC2-9C1A-89B3078CC902}.Release|Any CPU.Deploy.0 = Release|Any CPU
		{2EE0225B-361B-4AC2-9C1A-89B3078CC902}.Release|Mixed Platforms.ActiveCfg = Release|Any CPU
		{2EE0225B-361B-4AC2-9C1A-89B3078CC902}.Release|Mixed Platforms.Build.0 = Release|Any CPU
		{2EE0225B-361B-4AC2-9C1A-89B3078CC902}.Release|Mixed Platforms.Deploy.0 = Release|Any CPU
		{2EE0225B-361B-4AC2-9C1A-89B3078CC902}.Release|x86.ActiveCfg = Release|Any CPU
		{B8857364-4BDB-40A2-9CE7-6F2A08AD1B7E}.Debug|Any CPU.ActiveCfg = Debug|Any CPU
		{B8857364-4BDB-40A2-9CE7-6F2A08AD1B7E}.Debug|Any CPU.Build.0 = Debug|Any CPU
		{B8857364-4BDB-40A2-9CE7-6F2A08AD1B7E}.Debug|Mixed Platforms.ActiveCfg = Debug|Any CPU
		{B8857364-4BDB-40A2-9CE7-6F2A08AD1B7E}.Debug|Mixed Platforms.Build.0 = Debug|Any CPU
		{B8857364-4BDB-40A2-9CE7-6F2A08AD1B7E}.Debug|x86.ActiveCfg = Debug|Any CPU
		{B8857364-4BDB-40A2-9CE7-6F2A08AD1B7E}.Release|Any CPU.ActiveCfg = Release|Any CPU
		{B8857364-4BDB-40A2-9CE7-6F2A08AD1B7E}.Release|Any CPU.Build.0 = Release|Any CPU
		{B8857364-4BDB-40A2-9CE7-6F2A08AD1B7E}.Release|Mixed Platforms.ActiveCfg = Release|Any CPU
		{B8857364-4BDB-40A2-9CE7-6F2A08AD1B7E}.Release|Mixed Platforms.Build.0 = Release|Any CPU
		{B8857364-4BDB-40A2-9CE7-6F2A08AD1B7E}.Release|x86.ActiveCfg = Release|Any CPU
	EndGlobalSection
	GlobalSection(SolutionProperties) = preSolution
		HideSolutionNode = FALSE
	EndGlobalSection
EndGlobal
