
Microsoft Visual Studio Solution File, Format Version 12.00
# Visual Studio Version 17
VisualStudioVersion = 17.7.34221.43
MinimumVisualStudioVersion = 10.0.40219.1
Project("{FAE04EC0-301F-11D3-BF4B-00C04F79EFBC}") = "Countly", "Countly\Countly.csproj", "{B5407934-4618-440F-8801-8CF6DFE66BCC}"
EndProject
Project("{FAE04EC0-301F-11D3-BF4B-00C04F79EFBC}") = "CountlySample", "CountlySample\CountlySample.csproj", "{29B4747F-AE48-41DD-AD3E-23D12B4440C2}"
EndProject
Project("{FAE04EC0-301F-11D3-BF4B-00C04F79EFBC}") = "CountlySampleWindowsForm", "CountlySampleWindowsForm\CountlySampleWindowsForm.csproj", "{F311A539-9F92-4331-90E4-9474776DAFD4}"
EndProject
Project("{FAE04EC0-301F-11D3-BF4B-00C04F79EFBC}") = "CountlyTest_35", "CountlyTest_35\CountlyTest_35.csproj", "{DF2549FA-7312-45CA-ACAC-888E6A2B2A53}"
EndProject
Project("{FAE04EC0-301F-11D3-BF4B-00C04F79EFBC}") = "CountlyTestBackendMode", "CountlyTestBackendMode\CountlyTestBackendMode.csproj", "{ACBE487C-FF55-4880-9EC7-83D7F19DFF9B}"
EndProject
Global
	GlobalSection(SolutionConfigurationPlatforms) = preSolution
		Debug|Any CPU = Debug|Any CPU
		Release|Any CPU = Release|Any CPU
	EndGlobalSection
	GlobalSection(ProjectConfigurationPlatforms) = postSolution
		{B5407934-4618-440F-8801-8CF6DFE66BCC}.Debug|Any CPU.ActiveCfg = Debug|Any CPU
		{B5407934-4618-440F-8801-8CF6DFE66BCC}.Debug|Any CPU.Build.0 = Debug|Any CPU
		{B5407934-4618-440F-8801-8CF6DFE66BCC}.Release|Any CPU.ActiveCfg = Release|Any CPU
		{B5407934-4618-440F-8801-8CF6DFE66BCC}.Release|Any CPU.Build.0 = Release|Any CPU
		{29B4747F-AE48-41DD-AD3E-23D12B4440C2}.Debug|Any CPU.ActiveCfg = Debug|Any CPU
		{29B4747F-AE48-41DD-AD3E-23D12B4440C2}.Debug|Any CPU.Build.0 = Debug|Any CPU
		{29B4747F-AE48-41DD-AD3E-23D12B4440C2}.Release|Any CPU.ActiveCfg = Release|Any CPU
		{29B4747F-AE48-41DD-AD3E-23D12B4440C2}.Release|Any CPU.Build.0 = Release|Any CPU
		{F311A539-9F92-4331-90E4-9474776DAFD4}.Debug|Any CPU.ActiveCfg = Debug|Any CPU
		{F311A539-9F92-4331-90E4-9474776DAFD4}.Debug|Any CPU.Build.0 = Debug|Any CPU
		{F311A539-9F92-4331-90E4-9474776DAFD4}.Release|Any CPU.ActiveCfg = Release|Any CPU
		{F311A539-9F92-4331-90E4-9474776DAFD4}.Release|Any CPU.Build.0 = Release|Any CPU
		{DF2549FA-7312-45CA-ACAC-888E6A2B2A53}.Debug|Any CPU.ActiveCfg = Debug|Any CPU
		{DF2549FA-7312-45CA-ACAC-888E6A2B2A53}.Debug|Any CPU.Build.0 = Debug|Any CPU
		{DF2549FA-7312-45CA-ACAC-888E6A2B2A53}.Release|Any CPU.ActiveCfg = Release|Any CPU
		{DF2549FA-7312-45CA-ACAC-888E6A2B2A53}.Release|Any CPU.Build.0 = Release|Any CPU
		{ACBE487C-FF55-4880-9EC7-83D7F19DFF9B}.Debug|Any CPU.ActiveCfg = Debug|Any CPU
		{ACBE487C-FF55-4880-9EC7-83D7F19DFF9B}.Debug|Any CPU.Build.0 = Debug|Any CPU
		{ACBE487C-FF55-4880-9EC7-83D7F19DFF9B}.Release|Any CPU.ActiveCfg = Release|Any CPU
		{ACBE487C-FF55-4880-9EC7-83D7F19DFF9B}.Release|Any CPU.Build.0 = Release|Any CPU
	EndGlobalSection
	GlobalSection(SolutionProperties) = preSolution
		HideSolutionNode = FALSE
	EndGlobalSection
	GlobalSection(ExtensibilityGlobals) = postSolution
		SolutionGuid = {877E6212-FD2D-4F9A-AE71-D3FA0A82142C}
	EndGlobalSection
EndGlobal
